
Microsoft Visual Studio Solution File, Format Version 12.00
# Visual Studio 15
VisualStudioVersion = 15.0.28307.489
MinimumVisualStudioVersion = 10.0.40219.1
Project("{9A19103F-16F7-4668-BE54-9A1E7A4F7556}") = "sensor-data-producer", "sensor-data-producer.csproj", "{37ABB0F4-AA9D-4741-BE65-ABB9E08DF90C}"
EndProject
Global
	GlobalSection(SolutionConfigurationPlatforms) = preSolution
		Debug|Any CPU = Debug|Any CPU
		Release|Any CPU = Release|Any CPU
	EndGlobalSection
	GlobalSection(ProjectConfigurationPlatforms) = postSolution
		{37ABB0F4-AA9D-4741-BE65-ABB9E08DF90C}.Debug|Any CPU.ActiveCfg = Debug|Any CPU
		{37ABB0F4-AA9D-4741-BE65-ABB9E08DF90C}.Debug|Any CPU.Build.0 = Debug|Any CPU
		{37ABB0F4-AA9D-4741-BE65-ABB9E08DF90C}.Release|Any CPU.ActiveCfg = Release|Any CPU
		{37ABB0F4-AA9D-4741-BE65-ABB9E08DF90C}.Release|Any CPU.Build.0 = Release|Any CPU
	EndGlobalSection
	GlobalSection(SolutionProperties) = preSolution
		HideSolutionNode = FALSE
	EndGlobalSection
	GlobalSection(ExtensibilityGlobals) = postSolution
		SolutionGuid = {D08A5FDA-C085-4BDA-854E-40E8D7ABFE24}
	EndGlobalSection
EndGlobal
